
Microsoft Visual Studio Solution File, Format Version 12.00
Project("{FAE04EC0-301F-11D3-BF4B-00C04F79EFBC}") = "Business", "Business\Business.csproj", "{1E4DFB1B-6B56-4660-BE10-BF9FC299FC4A}"
EndProject
Project("{FAE04EC0-301F-11D3-BF4B-00C04F79EFBC}") = "DataAccess", "DataAccess\DataAccess.csproj", "{B7F5AD47-F160-464F-9403-8B811603D5C7}"
EndProject
Project("{FAE04EC0-301F-11D3-BF4B-00C04F79EFBC}") = "TestProject", "TestProject\TestProject.csproj", "{491F55B5-1268-4E63-9A28-058CA91E5EE0}"
EndProject
Project("{2150E333-8FDC-42A3-9474-1A3956D46DE8}") = "Library", "Library", "{CE378160-EA92-4AB2-8636-EEA2B4BFDD8C}"
EndProject
Project("{2150E333-8FDC-42A3-9474-1A3956D46DE8}") = "Test", "Test", "{C13A9A64-DB8F-43C3-AFD8-13923A0D6FAF}"
EndProject
Global
	GlobalSection(SolutionConfigurationPlatforms) = preSolution
		Debug|Any CPU = Debug|Any CPU
		Release|Any CPU = Release|Any CPU
	EndGlobalSection
	GlobalSection(ProjectConfigurationPlatforms) = postSolution
		{1E4DFB1B-6B56-4660-BE10-BF9FC299FC4A}.Debug|Any CPU.ActiveCfg = Debug|Any CPU
		{1E4DFB1B-6B56-4660-BE10-BF9FC299FC4A}.Debug|Any CPU.Build.0 = Debug|Any CPU
		{1E4DFB1B-6B56-4660-BE10-BF9FC299FC4A}.Release|Any CPU.ActiveCfg = Release|Any CPU
		{1E4DFB1B-6B56-4660-BE10-BF9FC299FC4A}.Release|Any CPU.Build.0 = Release|Any CPU
		{B7F5AD47-F160-464F-9403-8B811603D5C7}.Debug|Any CPU.ActiveCfg = Debug|Any CPU
		{B7F5AD47-F160-464F-9403-8B811603D5C7}.Debug|Any CPU.Build.0 = Debug|Any CPU
		{B7F5AD47-F160-464F-9403-8B811603D5C7}.Release|Any CPU.ActiveCfg = Release|Any CPU
		{B7F5AD47-F160-464F-9403-8B811603D5C7}.Release|Any CPU.Build.0 = Release|Any CPU
		{491F55B5-1268-4E63-9A28-058CA91E5EE0}.Debug|Any CPU.ActiveCfg = Debug|Any CPU
		{491F55B5-1268-4E63-9A28-058CA91E5EE0}.Debug|Any CPU.Build.0 = Debug|Any CPU
		{491F55B5-1268-4E63-9A28-058CA91E5EE0}.Release|Any CPU.ActiveCfg = Release|Any CPU
		{491F55B5-1268-4E63-9A28-058CA91E5EE0}.Release|Any CPU.Build.0 = Release|Any CPU
	EndGlobalSection
	GlobalSection(NestedProjects) = preSolution
		{1E4DFB1B-6B56-4660-BE10-BF9FC299FC4A} = {CE378160-EA92-4AB2-8636-EEA2B4BFDD8C}
		{B7F5AD47-F160-464F-9403-8B811603D5C7} = {CE378160-EA92-4AB2-8636-EEA2B4BFDD8C}
		{491F55B5-1268-4E63-9A28-058CA91E5EE0} = {C13A9A64-DB8F-43C3-AFD8-13923A0D6FAF}
	EndGlobalSection
EndGlobal
